// !$*UTF8*$!
{
	archiveVersion = 1;
	classes = {
	};
	objectVersion = 50;
	objects = {

/* Begin PBXBuildFile section */
		9E19AE381E8DFCFC2D9B1919 /* Pods_InsertDyld.framework in Frameworks */ = {isa = PBXBuildFile; fileRef = 287D178ED5709A309905ED85 /* Pods_InsertDyld.framework */; };
		A95052B02251FE9000BFBC53 /* InsertDyld.h in Headers */ = {isa = PBXBuildFile; fileRef = A95052AE2251FE9000BFBC53 /* InsertDyld.h */; settings = {ATTRIBUTES = (Public, ); }; };
		A95052B72251FEBE00BFBC53 /* FishHookTest.swift in Sources */ = {isa = PBXBuildFile; fileRef = A95052B62251FEBE00BFBC53 /* FishHookTest.swift */; };
		A95B34E522CBBA880078B3D4 /* antiFishhook.framework in Frameworks */ = {isa = PBXBuildFile; fileRef = A95B34E422CBBA880078B3D4 /* antiFishhook.framework */; };
/* End PBXBuildFile section */

/* Begin PBXFileReference section */
		0729E6988353829E18A5ADBE /* Pods-InsertDyld.release.xcconfig */ = {isa = PBXFileReference; includeInIndex = 1; lastKnownFileType = text.xcconfig; name = "Pods-InsertDyld.release.xcconfig"; path = "../Pods/Target Support Files/Pods-InsertDyld/Pods-InsertDyld.release.xcconfig"; sourceTree = "<group>"; };
		287D178ED5709A309905ED85 /* Pods_InsertDyld.framework */ = {isa = PBXFileReference; explicitFileType = wrapper.framework; includeInIndex = 0; path = Pods_InsertDyld.framework; sourceTree = BUILT_PRODUCTS_DIR; };
		A95052AB2251FE9000BFBC53 /* InsertDyld.framework */ = {isa = PBXFileReference; explicitFileType = wrapper.framework; includeInIndex = 0; path = InsertDyld.framework; sourceTree = BUILT_PRODUCTS_DIR; };
		A95052AE2251FE9000BFBC53 /* InsertDyld.h */ = {isa = PBXFileReference; lastKnownFileType = sourcecode.c.h; path = InsertDyld.h; sourceTree = "<group>"; };
		A95052AF2251FE9000BFBC53 /* Info.plist */ = {isa = PBXFileReference; lastKnownFileType = text.plist.xml; path = Info.plist; sourceTree = "<group>"; };
		A95052B62251FEBE00BFBC53 /* FishHookTest.swift */ = {isa = PBXFileReference; lastKnownFileType = sourcecode.swift; path = FishHookTest.swift; sourceTree = "<group>"; };
		A95B34E422CBBA880078B3D4 /* antiFishhook.framework */ = {isa = PBXFileReference; explicitFileType = wrapper.framework; path = antiFishhook.framework; sourceTree = BUILT_PRODUCTS_DIR; };
		E6249167321D0F899E89EA65 /* Pods-InsertDyld.debug.xcconfig */ = {isa = PBXFileReference; includeInIndex = 1; lastKnownFileType = text.xcconfig; name = "Pods-InsertDyld.debug.xcconfig"; path = "../Pods/Target Support Files/Pods-InsertDyld/Pods-InsertDyld.debug.xcconfig"; sourceTree = "<group>"; };
/* End PBXFileReference section */

/* Begin PBXFrameworksBuildPhase section */
		A95052A82251FE9000BFBC53 /* Frameworks */ = {
			isa = PBXFrameworksBuildPhase;
			buildActionMask = 2147483647;
			files = (
				A95B34E522CBBA880078B3D4 /* antiFishhook.framework in Frameworks */,
				9E19AE381E8DFCFC2D9B1919 /* Pods_InsertDyld.framework in Frameworks */,
			);
			runOnlyForDeploymentPostprocessing = 0;
		};
/* End PBXFrameworksBuildPhase section */

/* Begin PBXGroup section */
		4B1BEF7BD88FAB1154E867DE /* Pods */ = {
			isa = PBXGroup;
			children = (
				E6249167321D0F899E89EA65 /* Pods-InsertDyld.debug.xcconfig */,
				0729E6988353829E18A5ADBE /* Pods-InsertDyld.release.xcconfig */,
			);
			name = Pods;
			sourceTree = "<group>";
		};
		A95052A12251FE9000BFBC53 = {
			isa = PBXGroup;
			children = (
				A95052AD2251FE9000BFBC53 /* InsertDyld */,
				A95052AC2251FE9000BFBC53 /* Products */,
				AC4EFFF0F09E5DC5F75798B9 /* Frameworks */,
				4B1BEF7BD88FAB1154E867DE /* Pods */,
			);
			sourceTree = "<group>";
		};
		A95052AC2251FE9000BFBC53 /* Products */ = {
			isa = PBXGroup;
			children = (
				A95052AB2251FE9000BFBC53 /* InsertDyld.framework */,
			);
			name = Products;
			sourceTree = "<group>";
		};
		A95052AD2251FE9000BFBC53 /* InsertDyld */ = {
			isa = PBXGroup;
			children = (
				A95052AE2251FE9000BFBC53 /* InsertDyld.h */,
				A95052AF2251FE9000BFBC53 /* Info.plist */,
				A95052B62251FEBE00BFBC53 /* FishHookTest.swift */,
			);
			path = InsertDyld;
			sourceTree = "<group>";
		};
		AC4EFFF0F09E5DC5F75798B9 /* Frameworks */ = {
			isa = PBXGroup;
			children = (
				A95B34E422CBBA880078B3D4 /* antiFishhook.framework */,
				287D178ED5709A309905ED85 /* Pods_InsertDyld.framework */,
			);
			name = Frameworks;
			sourceTree = "<group>";
		};
/* End PBXGroup section */

/* Begin PBXHeadersBuildPhase section */
		A95052A62251FE9000BFBC53 /* Headers */ = {
			isa = PBXHeadersBuildPhase;
			buildActionMask = 2147483647;
			files = (
				A95052B02251FE9000BFBC53 /* InsertDyld.h in Headers */,
			);
			runOnlyForDeploymentPostprocessing = 0;
		};
/* End PBXHeadersBuildPhase section */

/* Begin PBXNativeTarget section */
		A95052AA2251FE9000BFBC53 /* InsertDyld */ = {
			isa = PBXNativeTarget;
			buildConfigurationList = A95052B32251FE9000BFBC53 /* Build configuration list for PBXNativeTarget "InsertDyld" */;
			buildPhases = (
				510C04264F59DA5CB432AC4D /* [CP] Check Pods Manifest.lock */,
				A95052A62251FE9000BFBC53 /* Headers */,
				A95052A72251FE9000BFBC53 /* Sources */,
				A95052A82251FE9000BFBC53 /* Frameworks */,
				A95052A92251FE9000BFBC53 /* Resources */,
			);
			buildRules = (
			);
			dependencies = (
			);
			name = InsertDyld;
			productName = InsertDyld;
			productReference = A95052AB2251FE9000BFBC53 /* InsertDyld.framework */;
			productType = "com.apple.product-type.framework";
		};
/* End PBXNativeTarget section */

/* Begin PBXProject section */
		A95052A22251FE9000BFBC53 /* Project object */ = {
			isa = PBXProject;
			attributes = {
				LastUpgradeCheck = 1000;
				ORGANIZATIONNAME = jintao;
				TargetAttributes = {
					A95052AA2251FE9000BFBC53 = {
						CreatedOnToolsVersion = 10.0;
						LastSwiftMigration = 1000;
					};
				};
			};
			buildConfigurationList = A95052A52251FE9000BFBC53 /* Build configuration list for PBXProject "InsertDyld" */;
			compatibilityVersion = "Xcode 9.3";
			developmentRegion = en;
			hasScannedForEncodings = 0;
			knownRegions = (
				en,
			);
			mainGroup = A95052A12251FE9000BFBC53;
			productRefGroup = A95052AC2251FE9000BFBC53 /* Products */;
			projectDirPath = "";
			projectRoot = "";
			targets = (
				A95052AA2251FE9000BFBC53 /* InsertDyld */,
			);
		};
/* End PBXProject section */

/* Begin PBXResourcesBuildPhase section */
		A95052A92251FE9000BFBC53 /* Resources */ = {
			isa = PBXResourcesBuildPhase;
			buildActionMask = 2147483647;
			files = (
			);
			runOnlyForDeploymentPostprocessing = 0;
		};
/* End PBXResourcesBuildPhase section */

/* Begin PBXShellScriptBuildPhase section */
		510C04264F59DA5CB432AC4D /* [CP] Check Pods Manifest.lock */ = {
			isa = PBXShellScriptBuildPhase;
			buildActionMask = 2147483647;
			files = (
			);
			inputFileListPaths = (
			);
			inputPaths = (
				"${PODS_PODFILE_DIR_PATH}/Podfile.lock",
				"${PODS_ROOT}/Manifest.lock",
			);
			name = "[CP] Check Pods Manifest.lock";
			outputFileListPaths = (
			);
			outputPaths = (
				"$(DERIVED_FILE_DIR)/Pods-InsertDyld-checkManifestLockResult.txt",
			);
			runOnlyForDeploymentPostprocessing = 0;
			shellPath = /bin/sh;
			shellScript = "diff \"${PODS_PODFILE_DIR_PATH}/Podfile.lock\" \"${PODS_ROOT}/Manifest.lock\" > /dev/null\nif [ $? != 0 ] ; then\n    # print error to STDERR\n    echo \"error: The sandbox is not in sync with the Podfile.lock. Run 'pod install' or update your CocoaPods installation.\" >&2\n    exit 1\nfi\n# This output is used by Xcode 'outputs' to avoid re-running this script phase.\necho \"SUCCESS\" > \"${SCRIPT_OUTPUT_FILE_0}\"\n";
			showEnvVarsInLog = 0;
		};
/* End PBXShellScriptBuildPhase section */

/* Begin PBXSourcesBuildPhase section */
		A95052A72251FE9000BFBC53 /* Sources */ = {
			isa = PBXSourcesBuildPhase;
			buildActionMask = 2147483647;
			files = (
				A95052B72251FEBE00BFBC53 /* FishHookTest.swift in Sources */,
			);
			runOnlyForDeploymentPostprocessing = 0;
		};
/* End PBXSourcesBuildPhase section */

/* Begin XCBuildConfiguration section */
		A95052B12251FE9000BFBC53 /* Debug */ = {
			isa = XCBuildConfiguration;
			buildSettings = {
				ALWAYS_SEARCH_USER_PATHS = NO;
				CLANG_ANALYZER_NONNULL = YES;
				CLANG_ANALYZER_NUMBER_OBJECT_CONVERSION = YES_AGGRESSIVE;
				CLANG_CXX_LANGUAGE_STANDARD = "gnu++14";
				CLANG_CXX_LIBRARY = "libc++";
				CLANG_ENABLE_MODULES = YES;
				CLANG_ENABLE_OBJC_ARC = YES;
				CLANG_ENABLE_OBJC_WEAK = YES;
				CLANG_WARN_BLOCK_CAPTURE_AUTORELEASING = YES;
				CLANG_WARN_BOOL_CONVERSION = YES;
				CLANG_WARN_COMMA = YES;
				CLANG_WARN_CONSTANT_CONVERSION = YES;
				CLANG_WARN_DEPRECATED_OBJC_IMPLEMENTATIONS = YES;
				CLANG_WARN_DIRECT_OBJC_ISA_USAGE = YES_ERROR;
				CLANG_WARN_DOCUMENTATION_COMMENTS = YES;
				CLANG_WARN_EMPTY_BODY = YES;
				CLANG_WARN_ENUM_CONVERSION = YES;
				CLANG_WARN_INFINITE_RECURSION = YES;
				CLANG_WARN_INT_CONVERSION = YES;
				CLANG_WARN_NON_LITERAL_NULL_CONVERSION = YES;
				CLANG_WARN_OBJC_IMPLICIT_RETAIN_SELF = YES;
				CLANG_WARN_OBJC_LITERAL_CONVERSION = YES;
				CLANG_WARN_OBJC_ROOT_CLASS = YES_ERROR;
				CLANG_WARN_RANGE_LOOP_ANALYSIS = YES;
				CLANG_WARN_STRICT_PROTOTYPES = YES;
				CLANG_WARN_SUSPICIOUS_MOVE = YES;
				CLANG_WARN_UNGUARDED_AVAILABILITY = YES_AGGRESSIVE;
				CLANG_WARN_UNREACHABLE_CODE = YES;
				CLANG_WARN__DUPLICATE_METHOD_MATCH = YES;
				CODE_SIGN_IDENTITY = "iPhone Developer";
				COPY_PHASE_STRIP = NO;
				CURRENT_PROJECT_VERSION = 1;
				DEBUG_INFORMATION_FORMAT = dwarf;
				ENABLE_STRICT_OBJC_MSGSEND = YES;
				ENABLE_TESTABILITY = YES;
				GCC_C_LANGUAGE_STANDARD = gnu11;
				GCC_DYNAMIC_NO_PIC = NO;
				GCC_NO_COMMON_BLOCKS = YES;
				GCC_OPTIMIZATION_LEVEL = 0;
				GCC_PREPROCESSOR_DEFINITIONS = (
					"DEBUG=1",
					"$(inherited)",
				);
				GCC_WARN_64_TO_32_BIT_CONVERSION = YES;
				GCC_WARN_ABOUT_RETURN_TYPE = YES_ERROR;
				GCC_WARN_UNDECLARED_SELECTOR = YES;
				GCC_WARN_UNINITIALIZED_AUTOS = YES_AGGRESSIVE;
				GCC_WARN_UNUSED_FUNCTION = YES;
				GCC_WARN_UNUSED_VARIABLE = YES;
				IPHONEOS_DEPLOYMENT_TARGET = 10.0;
				MTL_ENABLE_DEBUG_INFO = INCLUDE_SOURCE;
				MTL_FAST_MATH = YES;
				ONLY_ACTIVE_ARCH = YES;
				SDKROOT = iphoneos;
				SWIFT_ACTIVE_COMPILATION_CONDITIONS = DEBUG;
				SWIFT_OPTIMIZATION_LEVEL = "-Onone";
				VERSIONING_SYSTEM = "apple-generic";
				VERSION_INFO_PREFIX = "";
			};
			name = Debug;
		};
		A95052B22251FE9000BFBC53 /* Release */ = {
			isa = XCBuildConfiguration;
			buildSettings = {
				ALWAYS_SEARCH_USER_PATHS = NO;
				CLANG_ANALYZER_NONNULL = YES;
				CLANG_ANALYZER_NUMBER_OBJECT_CONVERSION = YES_AGGRESSIVE;
				CLANG_CXX_LANGUAGE_STANDARD = "gnu++14";
				CLANG_CXX_LIBRARY = "libc++";
				CLANG_ENABLE_MODULES = YES;
				CLANG_ENABLE_OBJC_ARC = YES;
				CLANG_ENABLE_OBJC_WEAK = YES;
				CLANG_WARN_BLOCK_CAPTURE_AUTORELEASING = YES;
				CLANG_WARN_BOOL_CONVERSION = YES;
				CLANG_WARN_COMMA = YES;
				CLANG_WARN_CONSTANT_CONVERSION = YES;
				CLANG_WARN_DEPRECATED_OBJC_IMPLEMENTATIONS = YES;
				CLANG_WARN_DIRECT_OBJC_ISA_USAGE = YES_ERROR;
				CLANG_WARN_DOCUMENTATION_COMMENTS = YES;
				CLANG_WARN_EMPTY_BODY = YES;
				CLANG_WARN_ENUM_CONVERSION = YES;
				CLANG_WARN_INFINITE_RECURSION = YES;
				CLANG_WARN_INT_CONVERSION = YES;
				CLANG_WARN_NON_LITERAL_NULL_CONVERSION = YES;
				CLANG_WARN_OBJC_IMPLICIT_RETAIN_SELF = YES;
				CLANG_WARN_OBJC_LITERAL_CONVERSION = YES;
				CLANG_WARN_OBJC_ROOT_CLASS = YES_ERROR;
				CLANG_WARN_RANGE_LOOP_ANALYSIS = YES;
				CLANG_WARN_STRICT_PROTOTYPES = YES;
				CLANG_WARN_SUSPICIOUS_MOVE = YES;
				CLANG_WARN_UNGUARDED_AVAILABILITY = YES_AGGRESSIVE;
				CLANG_WARN_UNREACHABLE_CODE = YES;
				CLANG_WARN__DUPLICATE_METHOD_MATCH = YES;
				CODE_SIGN_IDENTITY = "iPhone Developer";
				COPY_PHASE_STRIP = NO;
				CURRENT_PROJECT_VERSION = 1;
				DEBUG_INFORMATION_FORMAT = "dwarf-with-dsym";
				ENABLE_NS_ASSERTIONS = NO;
				ENABLE_STRICT_OBJC_MSGSEND = YES;
				GCC_C_LANGUAGE_STANDARD = gnu11;
				GCC_NO_COMMON_BLOCKS = YES;
				GCC_WARN_64_TO_32_BIT_CONVERSION = YES;
				GCC_WARN_ABOUT_RETURN_TYPE = YES_ERROR;
				GCC_WARN_UNDECLARED_SELECTOR = YES;
				GCC_WARN_UNINITIALIZED_AUTOS = YES_AGGRESSIVE;
				GCC_WARN_UNUSED_FUNCTION = YES;
				GCC_WARN_UNUSED_VARIABLE = YES;
				IPHONEOS_DEPLOYMENT_TARGET = 10.0;
				MTL_ENABLE_DEBUG_INFO = NO;
				MTL_FAST_MATH = YES;
				SDKROOT = iphoneos;
				SWIFT_COMPILATION_MODE = wholemodule;
				SWIFT_OPTIMIZATION_LEVEL = "-O";
				VALIDATE_PRODUCT = YES;
				VERSIONING_SYSTEM = "apple-generic";
				VERSION_INFO_PREFIX = "";
			};
			name = Release;
		};
		A95052B42251FE9000BFBC53 /* Debug */ = {
			isa = XCBuildConfiguration;
			baseConfigurationReference = E6249167321D0F899E89EA65 /* Pods-InsertDyld.debug.xcconfig */;
			buildSettings = {
				ARCHS = "$(ARCHS_STANDARD)";
				CLANG_ENABLE_MODULES = YES;
				CODE_SIGN_IDENTITY = "";
				CODE_SIGN_STYLE = Automatic;
				DEFINES_MODULE = YES;
				DEVELOPMENT_TEAM = 8HX9UN9S6G;
				DYLIB_COMPATIBILITY_VERSION = 1;
				DYLIB_CURRENT_VERSION = 1;
				DYLIB_INSTALL_NAME_BASE = "@rpath";
				INFOPLIST_FILE = InsertDyld/Info.plist;
				INSTALL_PATH = "$(LOCAL_LIBRARY_DIR)/Frameworks";
				LD_RUNPATH_SEARCH_PATHS = (
					"$(inherited)",
					"@executable_path/Frameworks",
					"@loader_path/Frameworks",
				);
				PRODUCT_BUNDLE_IDENTIFIER = jin.InsertDyld;
				PRODUCT_NAME = "$(TARGET_NAME:c99extidentifier)";
				SKIP_INSTALL = YES;
				SWIFT_OPTIMIZATION_LEVEL = "-Onone";
				SWIFT_VERSION = 4.2;
				TARGETED_DEVICE_FAMILY = "1,2";
				VALID_ARCHS = arm64;
			};
			name = Debug;
		};
		A95052B52251FE9000BFBC53 /* Release */ = {
			isa = XCBuildConfiguration;
			baseConfigurationReference = 0729E6988353829E18A5ADBE /* Pods-InsertDyld.release.xcconfig */;
			buildSettings = {
				ARCHS = "$(ARCHS_STANDARD)";
				CLANG_ENABLE_MODULES = YES;
				CODE_SIGN_IDENTITY = "";
				CODE_SIGN_STYLE = Automatic;
				DEFINES_MODULE = YES;
				DEVELOPMENT_TEAM = 8HX9UN9S6G;
				DYLIB_COMPATIBILITY_VERSION = 1;
				DYLIB_CURRENT_VERSION = 1;
				DYLIB_INSTALL_NAME_BASE = "@rpath";
				INFOPLIST_FILE = InsertDyld/Info.plist;
				INSTALL_PATH = "$(LOCAL_LIBRARY_DIR)/Frameworks";
				LD_RUNPATH_SEARCH_PATHS = (
					"$(inherited)",
					"@executable_path/Frameworks",
					"@loader_path/Frameworks",
				);
				PRODUCT_BUNDLE_IDENTIFIER = jin.InsertDyld;
				PRODUCT_NAME = "$(TARGET_NAME:c99extidentifier)";
				SKIP_INSTALL = YES;
				SWIFT_VERSION = 4.2;
				TARGETED_DEVICE_FAMILY = "1,2";
				VALID_ARCHS = arm64;
			};
			name = Release;
		};
/* End XCBuildConfiguration section */

/* Begin XCConfigurationList section */
		A95052A52251FE9000BFBC53 /* Build configuration list for PBXProject "InsertDyld" */ = {
			isa = XCConfigurationList;
			buildConfigurations = (
				A95052B12251FE9000BFBC53 /* Debug */,
				A95052B22251FE9000BFBC53 /* Release */,
			);
			defaultConfigurationIsVisible = 0;
			defaultConfigurationName = Debug;
		};
		A95052B32251FE9000BFBC53 /* Build configuration list for PBXNativeTarget "InsertDyld" */ = {
			isa = XCConfigurationList;
			buildConfigurations = (
				A95052B42251FE9000BFBC53 /* Debug */,
				A95052B52251FE9000BFBC53 /* Release */,
			);
			defaultConfigurationIsVisible = 0;
			defaultConfigurationName = Debug;
		};
/* End XCConfigurationList section */
	};
	rootObject = A95052A22251FE9000BFBC53 /* Project object */;
}
