// !$*UTF8*$!
{
	archiveVersion = 1;
	classes = {
	};
	objectVersion = 51;
	objects = {

/* Begin PBXBuildFile section */
		7EFE685A87327E9026B35743 /* Pods_AntiFishHookDemo.framework in Frameworks */ = {isa = PBXBuildFile; fileRef = C21AC4DC82D9A834A6D03DD9 /* Pods_AntiFishHookDemo.framework */; };
		A95B34F322CBBAF50078B3D4 /* AppDelegate.swift in Sources */ = {isa = PBXBuildFile; fileRef = A95B34F222CBBAF50078B3D4 /* AppDelegate.swift */; };
		A95B34F522CBBAF50078B3D4 /* ViewController.swift in Sources */ = {isa = PBXBuildFile; fileRef = A95B34F422CBBAF50078B3D4 /* ViewController.swift */; };
		A95B34F822CBBAF50078B3D4 /* Main.storyboard in Resources */ = {isa = PBXBuildFile; fileRef = A95B34F622CBBAF50078B3D4 /* Main.storyboard */; };
		A95B34FA22CBBAF60078B3D4 /* Assets.xcassets in Resources */ = {isa = PBXBuildFile; fileRef = A95B34F922CBBAF60078B3D4 /* Assets.xcassets */; };
		A95B34FD22CBBAF60078B3D4 /* LaunchScreen.storyboard in Resources */ = {isa = PBXBuildFile; fileRef = A95B34FB22CBBAF60078B3D4 /* LaunchScreen.storyboard */; };
		A95B350D22CBBBB40078B3D4 /* Dlopen.swift in Sources */ = {isa = PBXBuildFile; fileRef = A95B350922CBBBB40078B3D4 /* Dlopen.swift */; };
		A95B350E22CBBBB40078B3D4 /* NSLog.swift in Sources */ = {isa = PBXBuildFile; fileRef = A95B350A22CBBBB40078B3D4 /* NSLog.swift */; };
		A95B350F22CBBBB40078B3D4 /* Dladdr.swift in Sources */ = {isa = PBXBuildFile; fileRef = A95B350B22CBBBB40078B3D4 /* Dladdr.swift */; };
		A95B351022CBBBB40078B3D4 /* Printf.swift in Sources */ = {isa = PBXBuildFile; fileRef = A95B350C22CBBBB40078B3D4 /* Printf.swift */; };
		A95B351322CBBBC30078B3D4 /* PrintfTestHelp.m in Sources */ = {isa = PBXBuildFile; fileRef = A95B351222CBBBC30078B3D4 /* PrintfTestHelp.m */; };
		A95B351522CBBC6C0078B3D4 /* InsertDyld.framework in Frameworks */ = {isa = PBXBuildFile; fileRef = A95B351422CBBC6C0078B3D4 /* InsertDyld.framework */; };
		A95B351622CBBC6C0078B3D4 /* InsertDyld.framework in Embed Frameworks */ = {isa = PBXBuildFile; fileRef = A95B351422CBBC6C0078B3D4 /* InsertDyld.framework */; settings = {ATTRIBUTES = (CodeSignOnCopy, RemoveHeadersOnCopy, ); }; };
/* End PBXBuildFile section */

/* Begin PBXCopyFilesBuildPhase section */
		A95B351722CBBC6C0078B3D4 /* Embed Frameworks */ = {
			isa = PBXCopyFilesBuildPhase;
			buildActionMask = 2147483647;
			dstPath = "";
			dstSubfolderSpec = 10;
			files = (
				A95B351622CBBC6C0078B3D4 /* InsertDyld.framework in Embed Frameworks */,
			);
			name = "Embed Frameworks";
			runOnlyForDeploymentPostprocessing = 0;
		};
/* End PBXCopyFilesBuildPhase section */

/* Begin PBXFileReference section */
		6742C61F627160A76D2A78EF /* Pods-AntiFishHookDemo.debug.xcconfig */ = {isa = PBXFileReference; includeInIndex = 1; lastKnownFileType = text.xcconfig; name = "Pods-AntiFishHookDemo.debug.xcconfig"; path = "Target Support Files/Pods-AntiFishHookDemo/Pods-AntiFishHookDemo.debug.xcconfig"; sourceTree = "<group>"; };
		A95B34EF22CBBAF50078B3D4 /* AntiFishHookDemo.app */ = {isa = PBXFileReference; explicitFileType = wrapper.application; includeInIndex = 0; path = AntiFishHookDemo.app; sourceTree = BUILT_PRODUCTS_DIR; };
		A95B34F222CBBAF50078B3D4 /* AppDelegate.swift */ = {isa = PBXFileReference; lastKnownFileType = sourcecode.swift; path = AppDelegate.swift; sourceTree = "<group>"; };
		A95B34F422CBBAF50078B3D4 /* ViewController.swift */ = {isa = PBXFileReference; lastKnownFileType = sourcecode.swift; path = ViewController.swift; sourceTree = "<group>"; };
		A95B34F722CBBAF50078B3D4 /* Base */ = {isa = PBXFileReference; lastKnownFileType = file.storyboard; name = Base; path = Base.lproj/Main.storyboard; sourceTree = "<group>"; };
		A95B34F922CBBAF60078B3D4 /* Assets.xcassets */ = {isa = PBXFileReference; lastKnownFileType = folder.assetcatalog; path = Assets.xcassets; sourceTree = "<group>"; };
		A95B34FC22CBBAF60078B3D4 /* Base */ = {isa = PBXFileReference; lastKnownFileType = file.storyboard; name = Base; path = Base.lproj/LaunchScreen.storyboard; sourceTree = "<group>"; };
		A95B34FE22CBBAF60078B3D4 /* Info.plist */ = {isa = PBXFileReference; lastKnownFileType = text.plist.xml; path = Info.plist; sourceTree = "<group>"; };
		A95B350522CBBBA00078B3D4 /* AntiFishHookDemo-Bridging-Header.h */ = {isa = PBXFileReference; lastKnownFileType = sourcecode.c.h; path = "AntiFishHookDemo-Bridging-Header.h"; sourceTree = "<group>"; };
		A95B350922CBBBB40078B3D4 /* Dlopen.swift */ = {isa = PBXFileReference; fileEncoding = 4; lastKnownFileType = sourcecode.swift; path = Dlopen.swift; sourceTree = "<group>"; };
		A95B350A22CBBBB40078B3D4 /* NSLog.swift */ = {isa = PBXFileReference; fileEncoding = 4; lastKnownFileType = sourcecode.swift; path = NSLog.swift; sourceTree = "<group>"; };
		A95B350B22CBBBB40078B3D4 /* Dladdr.swift */ = {isa = PBXFileReference; fileEncoding = 4; lastKnownFileType = sourcecode.swift; path = Dladdr.swift; sourceTree = "<group>"; };
		A95B350C22CBBBB40078B3D4 /* Printf.swift */ = {isa = PBXFileReference; fileEncoding = 4; lastKnownFileType = sourcecode.swift; path = Printf.swift; sourceTree = "<group>"; };
		A95B351122CBBBC30078B3D4 /* PrintfTestHelp.h */ = {isa = PBXFileReference; fileEncoding = 4; lastKnownFileType = sourcecode.c.h; path = PrintfTestHelp.h; sourceTree = "<group>"; };
		A95B351222CBBBC30078B3D4 /* PrintfTestHelp.m */ = {isa = PBXFileReference; fileEncoding = 4; lastKnownFileType = sourcecode.c.objc; path = PrintfTestHelp.m; sourceTree = "<group>"; };
		A95B351422CBBC6C0078B3D4 /* InsertDyld.framework */ = {isa = PBXFileReference; explicitFileType = wrapper.framework; path = InsertDyld.framework; sourceTree = BUILT_PRODUCTS_DIR; };
		B6BCA58A1DD2C3D5AE63D8EF /* Pods-AntiFishHookDemo.release.xcconfig */ = {isa = PBXFileReference; includeInIndex = 1; lastKnownFileType = text.xcconfig; name = "Pods-AntiFishHookDemo.release.xcconfig"; path = "Target Support Files/Pods-AntiFishHookDemo/Pods-AntiFishHookDemo.release.xcconfig"; sourceTree = "<group>"; };
		C21AC4DC82D9A834A6D03DD9 /* Pods_AntiFishHookDemo.framework */ = {isa = PBXFileReference; explicitFileType = wrapper.framework; includeInIndex = 0; path = Pods_AntiFishHookDemo.framework; sourceTree = BUILT_PRODUCTS_DIR; };
/* End PBXFileReference section */

/* Begin PBXFrameworksBuildPhase section */
		A95B34EC22CBBAF50078B3D4 /* Frameworks */ = {
			isa = PBXFrameworksBuildPhase;
			buildActionMask = 2147483647;
			files = (
				A95B351522CBBC6C0078B3D4 /* InsertDyld.framework in Frameworks */,
				7EFE685A87327E9026B35743 /* Pods_AntiFishHookDemo.framework in Frameworks */,
			);
			runOnlyForDeploymentPostprocessing = 0;
		};
/* End PBXFrameworksBuildPhase section */

/* Begin PBXGroup section */
		1F0FF394B691361333B1BC47 /* Pods */ = {
			isa = PBXGroup;
			children = (
				6742C61F627160A76D2A78EF /* Pods-AntiFishHookDemo.debug.xcconfig */,
				B6BCA58A1DD2C3D5AE63D8EF /* Pods-AntiFishHookDemo.release.xcconfig */,
			);
			path = Pods;
			sourceTree = "<group>";
		};
		A95B34E622CBBAF50078B3D4 = {
			isa = PBXGroup;
			children = (
				A95B351422CBBC6C0078B3D4 /* InsertDyld.framework */,
				A95B34F122CBBAF50078B3D4 /* AntiFishHookDemo */,
				A95B34F022CBBAF50078B3D4 /* Products */,
				1F0FF394B691361333B1BC47 /* Pods */,
				C397C3335B9650638D35A622 /* Frameworks */,
			);
			sourceTree = "<group>";
		};
		A95B34F022CBBAF50078B3D4 /* Products */ = {
			isa = PBXGroup;
			children = (
				A95B34EF22CBBAF50078B3D4 /* AntiFishHookDemo.app */,
			);
			name = Products;
			sourceTree = "<group>";
		};
		A95B34F122CBBAF50078B3D4 /* AntiFishHookDemo */ = {
			isa = PBXGroup;
			children = (
				A95B350422CBBB550078B3D4 /* TestCase */,
				A95B34F222CBBAF50078B3D4 /* AppDelegate.swift */,
				A95B34F422CBBAF50078B3D4 /* ViewController.swift */,
				A95B350522CBBBA00078B3D4 /* AntiFishHookDemo-Bridging-Header.h */,
				A95B34F622CBBAF50078B3D4 /* Main.storyboard */,
				A95B34F922CBBAF60078B3D4 /* Assets.xcassets */,
				A95B34FB22CBBAF60078B3D4 /* LaunchScreen.storyboard */,
				A95B34FE22CBBAF60078B3D4 /* Info.plist */,
			);
			path = AntiFishHookDemo;
			sourceTree = "<group>";
		};
		A95B350422CBBB550078B3D4 /* TestCase */ = {
			isa = PBXGroup;
			children = (
				A95B351122CBBBC30078B3D4 /* PrintfTestHelp.h */,
				A95B351222CBBBC30078B3D4 /* PrintfTestHelp.m */,
				A95B350C22CBBBB40078B3D4 /* Printf.swift */,
				A95B350B22CBBBB40078B3D4 /* Dladdr.swift */,
				A95B350922CBBBB40078B3D4 /* Dlopen.swift */,
				A95B350A22CBBBB40078B3D4 /* NSLog.swift */,
			);
			path = TestCase;
			sourceTree = "<group>";
		};
		C397C3335B9650638D35A622 /* Frameworks */ = {
			isa = PBXGroup;
			children = (
				C21AC4DC82D9A834A6D03DD9 /* Pods_AntiFishHookDemo.framework */,
			);
			name = Frameworks;
			sourceTree = "<group>";
		};
/* End PBXGroup section */

/* Begin PBXNativeTarget section */
		A95B34EE22CBBAF50078B3D4 /* AntiFishHookDemo */ = {
			isa = PBXNativeTarget;
			buildConfigurationList = A95B350122CBBAF60078B3D4 /* Build configuration list for PBXNativeTarget "AntiFishHookDemo" */;
			buildPhases = (
				35C039EF6A47EBE0C65D8636 /* [CP] Check Pods Manifest.lock */,
				A95B34EB22CBBAF50078B3D4 /* Sources */,
				A95B34EC22CBBAF50078B3D4 /* Frameworks */,
				A95B34ED22CBBAF50078B3D4 /* Resources */,
				296909BFF80846C3A906715B /* [CP] Embed Pods Frameworks */,
				A95B351722CBBC6C0078B3D4 /* Embed Frameworks */,
			);
			buildRules = (
			);
			dependencies = (
			);
			name = AntiFishHookDemo;
			productName = AntiFishHookDemo;
			productReference = A95B34EF22CBBAF50078B3D4 /* AntiFishHookDemo.app */;
			productType = "com.apple.product-type.application";
		};
/* End PBXNativeTarget section */

/* Begin PBXProject section */
		A95B34E722CBBAF50078B3D4 /* Project object */ = {
			isa = PBXProject;
			attributes = {
				LastSwiftUpdateCheck = 1020;
				LastUpgradeCheck = 1020;
				ORGANIZATIONNAME = jintao;
				TargetAttributes = {
					A95B34EE22CBBAF50078B3D4 = {
						CreatedOnToolsVersion = 10.2.1;
						LastSwiftMigration = 1020;
					};
				};
			};
			buildConfigurationList = A95B34EA22CBBAF50078B3D4 /* Build configuration list for PBXProject "AntiFishHookDemo" */;
			compatibilityVersion = "Xcode 9.3";
			developmentRegion = en;
			hasScannedForEncodings = 0;
			knownRegions = (
				en,
				Base,
			);
			mainGroup = A95B34E622CBBAF50078B3D4;
			productRefGroup = A95B34F022CBBAF50078B3D4 /* Products */;
			projectDirPath = "";
			projectRoot = "";
			targets = (
				A95B34EE22CBBAF50078B3D4 /* AntiFishHookDemo */,
			);
		};
/* End PBXProject section */

/* Begin PBXResourcesBuildPhase section */
		A95B34ED22CBBAF50078B3D4 /* Resources */ = {
			isa = PBXResourcesBuildPhase;
			buildActionMask = 2147483647;
			files = (
				A95B34FD22CBBAF60078B3D4 /* LaunchScreen.storyboard in Resources */,
				A95B34FA22CBBAF60078B3D4 /* Assets.xcassets in Resources */,
				A95B34F822CBBAF50078B3D4 /* Main.storyboard in Resources */,
			);
			runOnlyForDeploymentPostprocessing = 0;
		};
/* End PBXResourcesBuildPhase section */

/* Begin PBXShellScriptBuildPhase section */
		296909BFF80846C3A906715B /* [CP] Embed Pods Frameworks */ = {
			isa = PBXShellScriptBuildPhase;
			buildActionMask = 2147483647;
			files = (
			);
			inputFileListPaths = (
				"${PODS_ROOT}/Target Support Files/Pods-AntiFishHookDemo/Pods-AntiFishHookDemo-frameworks-${CONFIGURATION}-input-files.xcfilelist",
			);
			name = "[CP] Embed Pods Frameworks";
			outputFileListPaths = (
				"${PODS_ROOT}/Target Support Files/Pods-AntiFishHookDemo/Pods-AntiFishHookDemo-frameworks-${CONFIGURATION}-output-files.xcfilelist",
			);
			runOnlyForDeploymentPostprocessing = 0;
			shellPath = /bin/sh;
			shellScript = "\"${PODS_ROOT}/Target Support Files/Pods-AntiFishHookDemo/Pods-AntiFishHookDemo-frameworks.sh\"\n";
			showEnvVarsInLog = 0;
		};
		35C039EF6A47EBE0C65D8636 /* [CP] Check Pods Manifest.lock */ = {
			isa = PBXShellScriptBuildPhase;
			buildActionMask = 2147483647;
			files = (
			);
			inputFileListPaths = (
			);
			inputPaths = (
				"${PODS_PODFILE_DIR_PATH}/Podfile.lock",
				"${PODS_ROOT}/Manifest.lock",
			);
			name = "[CP] Check Pods Manifest.lock";
			outputFileListPaths = (
			);
			outputPaths = (
				"$(DERIVED_FILE_DIR)/Pods-AntiFishHookDemo-checkManifestLockResult.txt",
			);
			runOnlyForDeploymentPostprocessing = 0;
			shellPath = /bin/sh;
			shellScript = "diff \"${PODS_PODFILE_DIR_PATH}/Podfile.lock\" \"${PODS_ROOT}/Manifest.lock\" > /dev/null\nif [ $? != 0 ] ; then\n    # print error to STDERR\n    echo \"error: The sandbox is not in sync with the Podfile.lock. Run 'pod install' or update your CocoaPods installation.\" >&2\n    exit 1\nfi\n# This output is used by Xcode 'outputs' to avoid re-running this script phase.\necho \"SUCCESS\" > \"${SCRIPT_OUTPUT_FILE_0}\"\n";
			showEnvVarsInLog = 0;
		};
/* End PBXShellScriptBuildPhase section */

/* Begin PBXSourcesBuildPhase section */
		A95B34EB22CBBAF50078B3D4 /* Sources */ = {
			isa = PBXSourcesBuildPhase;
			buildActionMask = 2147483647;
			files = (
				A95B351322CBBBC30078B3D4 /* PrintfTestHelp.m in Sources */,
				A95B351022CBBBB40078B3D4 /* Printf.swift in Sources */,
				A95B350D22CBBBB40078B3D4 /* Dlopen.swift in Sources */,
				A95B350F22CBBBB40078B3D4 /* Dladdr.swift in Sources */,
				A95B350E22CBBBB40078B3D4 /* NSLog.swift in Sources */,
				A95B34F522CBBAF50078B3D4 /* ViewController.swift in Sources */,
				A95B34F322CBBAF50078B3D4 /* AppDelegate.swift in Sources */,
			);
			runOnlyForDeploymentPostprocessing = 0;
		};
/* End PBXSourcesBuildPhase section */

/* Begin PBXVariantGroup section */
		A95B34F622CBBAF50078B3D4 /* Main.storyboard */ = {
			isa = PBXVariantGroup;
			children = (
				A95B34F722CBBAF50078B3D4 /* Base */,
			);
			name = Main.storyboard;
			sourceTree = "<group>";
		};
		A95B34FB22CBBAF60078B3D4 /* LaunchScreen.storyboard */ = {
			isa = PBXVariantGroup;
			children = (
				A95B34FC22CBBAF60078B3D4 /* Base */,
			);
			name = LaunchScreen.storyboard;
			sourceTree = "<group>";
		};
/* End PBXVariantGroup section */

/* Begin XCBuildConfiguration section */
		A95B34FF22CBBAF60078B3D4 /* Debug */ = {
			isa = XCBuildConfiguration;
			buildSettings = {
				ALWAYS_SEARCH_USER_PATHS = NO;
				CLANG_ANALYZER_NONNULL = YES;
				CLANG_ANALYZER_NUMBER_OBJECT_CONVERSION = YES_AGGRESSIVE;
				CLANG_CXX_LANGUAGE_STANDARD = "gnu++14";
				CLANG_CXX_LIBRARY = "libc++";
				CLANG_ENABLE_MODULES = YES;
				CLANG_ENABLE_OBJC_ARC = YES;
				CLANG_ENABLE_OBJC_WEAK = YES;
				CLANG_WARN_BLOCK_CAPTURE_AUTORELEASING = YES;
				CLANG_WARN_BOOL_CONVERSION = YES;
				CLANG_WARN_COMMA = YES;
				CLANG_WARN_CONSTANT_CONVERSION = YES;
				CLANG_WARN_DEPRECATED_OBJC_IMPLEMENTATIONS = YES;
				CLANG_WARN_DIRECT_OBJC_ISA_USAGE = YES_ERROR;
				CLANG_WARN_DOCUMENTATION_COMMENTS = YES;
				CLANG_WARN_EMPTY_BODY = YES;
				CLANG_WARN_ENUM_CONVERSION = YES;
				CLANG_WARN_INFINITE_RECURSION = YES;
				CLANG_WARN_INT_CONVERSION = YES;
				CLANG_WARN_NON_LITERAL_NULL_CONVERSION = YES;
				CLANG_WARN_OBJC_IMPLICIT_RETAIN_SELF = YES;
				CLANG_WARN_OBJC_LITERAL_CONVERSION = YES;
				CLANG_WARN_OBJC_ROOT_CLASS = YES_ERROR;
				CLANG_WARN_RANGE_LOOP_ANALYSIS = YES;
				CLANG_WARN_STRICT_PROTOTYPES = YES;
				CLANG_WARN_SUSPICIOUS_MOVE = YES;
				CLANG_WARN_UNGUARDED_AVAILABILITY = YES_AGGRESSIVE;
				CLANG_WARN_UNREACHABLE_CODE = YES;
				CLANG_WARN__DUPLICATE_METHOD_MATCH = YES;
				CODE_SIGN_IDENTITY = "iPhone Developer";
				COPY_PHASE_STRIP = NO;
				DEBUG_INFORMATION_FORMAT = dwarf;
				ENABLE_STRICT_OBJC_MSGSEND = YES;
				ENABLE_TESTABILITY = YES;
				GCC_C_LANGUAGE_STANDARD = gnu11;
				GCC_DYNAMIC_NO_PIC = NO;
				GCC_NO_COMMON_BLOCKS = YES;
				GCC_OPTIMIZATION_LEVEL = 0;
				GCC_PREPROCESSOR_DEFINITIONS = (
					"DEBUG=1",
					"$(inherited)",
				);
				GCC_WARN_64_TO_32_BIT_CONVERSION = YES;
				GCC_WARN_ABOUT_RETURN_TYPE = YES_ERROR;
				GCC_WARN_UNDECLARED_SELECTOR = YES;
				GCC_WARN_UNINITIALIZED_AUTOS = YES_AGGRESSIVE;
				GCC_WARN_UNUSED_FUNCTION = YES;
				GCC_WARN_UNUSED_VARIABLE = YES;
				IPHONEOS_DEPLOYMENT_TARGET = 12.2;
				MTL_ENABLE_DEBUG_INFO = INCLUDE_SOURCE;
				MTL_FAST_MATH = YES;
				ONLY_ACTIVE_ARCH = YES;
				SDKROOT = iphoneos;
				SWIFT_ACTIVE_COMPILATION_CONDITIONS = DEBUG;
				SWIFT_OPTIMIZATION_LEVEL = "-Onone";
			};
			name = Debug;
		};
		A95B350022CBBAF60078B3D4 /* Release */ = {
			isa = XCBuildConfiguration;
			buildSettings = {
				ALWAYS_SEARCH_USER_PATHS = NO;
				CLANG_ANALYZER_NONNULL = YES;
				CLANG_ANALYZER_NUMBER_OBJECT_CONVERSION = YES_AGGRESSIVE;
				CLANG_CXX_LANGUAGE_STANDARD = "gnu++14";
				CLANG_CXX_LIBRARY = "libc++";
				CLANG_ENABLE_MODULES = YES;
				CLANG_ENABLE_OBJC_ARC = YES;
				CLANG_ENABLE_OBJC_WEAK = YES;
				CLANG_WARN_BLOCK_CAPTURE_AUTORELEASING = YES;
				CLANG_WARN_BOOL_CONVERSION = YES;
				CLANG_WARN_COMMA = YES;
				CLANG_WARN_CONSTANT_CONVERSION = YES;
				CLANG_WARN_DEPRECATED_OBJC_IMPLEMENTATIONS = YES;
				CLANG_WARN_DIRECT_OBJC_ISA_USAGE = YES_ERROR;
				CLANG_WARN_DOCUMENTATION_COMMENTS = YES;
				CLANG_WARN_EMPTY_BODY = YES;
				CLANG_WARN_ENUM_CONVERSION = YES;
				CLANG_WARN_INFINITE_RECURSION = YES;
				CLANG_WARN_INT_CONVERSION = YES;
				CLANG_WARN_NON_LITERAL_NULL_CONVERSION = YES;
				CLANG_WARN_OBJC_IMPLICIT_RETAIN_SELF = YES;
				CLANG_WARN_OBJC_LITERAL_CONVERSION = YES;
				CLANG_WARN_OBJC_ROOT_CLASS = YES_ERROR;
				CLANG_WARN_RANGE_LOOP_ANALYSIS = YES;
				CLANG_WARN_STRICT_PROTOTYPES = YES;
				CLANG_WARN_SUSPICIOUS_MOVE = YES;
				CLANG_WARN_UNGUARDED_AVAILABILITY = YES_AGGRESSIVE;
				CLANG_WARN_UNREACHABLE_CODE = YES;
				CLANG_WARN__DUPLICATE_METHOD_MATCH = YES;
				CODE_SIGN_IDENTITY = "iPhone Developer";
				COPY_PHASE_STRIP = NO;
				DEBUG_INFORMATION_FORMAT = "dwarf-with-dsym";
				ENABLE_NS_ASSERTIONS = NO;
				ENABLE_STRICT_OBJC_MSGSEND = YES;
				GCC_C_LANGUAGE_STANDARD = gnu11;
				GCC_NO_COMMON_BLOCKS = YES;
				GCC_WARN_64_TO_32_BIT_CONVERSION = YES;
				GCC_WARN_ABOUT_RETURN_TYPE = YES_ERROR;
				GCC_WARN_UNDECLARED_SELECTOR = YES;
				GCC_WARN_UNINITIALIZED_AUTOS = YES_AGGRESSIVE;
				GCC_WARN_UNUSED_FUNCTION = YES;
				GCC_WARN_UNUSED_VARIABLE = YES;
				IPHONEOS_DEPLOYMENT_TARGET = 12.2;
				MTL_ENABLE_DEBUG_INFO = NO;
				MTL_FAST_MATH = YES;
				SDKROOT = iphoneos;
				SWIFT_COMPILATION_MODE = wholemodule;
				SWIFT_OPTIMIZATION_LEVEL = "-O";
				VALIDATE_PRODUCT = YES;
			};
			name = Release;
		};
		A95B350222CBBAF60078B3D4 /* Debug */ = {
			isa = XCBuildConfiguration;
			baseConfigurationReference = 6742C61F627160A76D2A78EF /* Pods-AntiFishHookDemo.debug.xcconfig */;
			buildSettings = {
				ASSETCATALOG_COMPILER_APPICON_NAME = AppIcon;
				CLANG_ENABLE_MODULES = YES;
				CODE_SIGN_STYLE = Automatic;
				DEVELOPMENT_TEAM = 8HX9UN9S6G;
				INFOPLIST_FILE = AntiFishHookDemo/Info.plist;
				IPHONEOS_DEPLOYMENT_TARGET = 10.0;
				LD_RUNPATH_SEARCH_PATHS = (
					"$(inherited)",
					"@executable_path/Frameworks",
				);
				PRODUCT_BUNDLE_IDENTIFIER = jin.AntiFishHookDemo;
				PRODUCT_NAME = "$(TARGET_NAME)";
				SWIFT_OBJC_BRIDGING_HEADER = "AntiFishHookDemo/AntiFishHookDemo-Bridging-Header.h";
				SWIFT_OPTIMIZATION_LEVEL = "-Onone";
				SWIFT_VERSION = 5.0;
				TARGETED_DEVICE_FAMILY = "1,2";
				VALID_ARCHS = arm64;
			};
			name = Debug;
		};
		A95B350322CBBAF60078B3D4 /* Release */ = {
			isa = XCBuildConfiguration;
			baseConfigurationReference = B6BCA58A1DD2C3D5AE63D8EF /* Pods-AntiFishHookDemo.release.xcconfig */;
			buildSettings = {
				ASSETCATALOG_COMPILER_APPICON_NAME = AppIcon;
				CLANG_ENABLE_MODULES = YES;
				CODE_SIGN_STYLE = Automatic;
				DEVELOPMENT_TEAM = 8HX9UN9S6G;
				INFOPLIST_FILE = AntiFishHookDemo/Info.plist;
				IPHONEOS_DEPLOYMENT_TARGET = 10.0;
				LD_RUNPATH_SEARCH_PATHS = (
					"$(inherited)",
					"@executable_path/Frameworks",
				);
				PRODUCT_BUNDLE_IDENTIFIER = jin.AntiFishHookDemo;
				PRODUCT_NAME = "$(TARGET_NAME)";
				SWIFT_OBJC_BRIDGING_HEADER = "AntiFishHookDemo/AntiFishHookDemo-Bridging-Header.h";
				SWIFT_VERSION = 5.0;
				TARGETED_DEVICE_FAMILY = "1,2";
				VALID_ARCHS = arm64;
			};
			name = Release;
		};
/* End XCBuildConfiguration section */

/* Begin XCConfigurationList section */
		A95B34EA22CBBAF50078B3D4 /* Build configuration list for PBXProject "AntiFishHookDemo" */ = {
			isa = XCConfigurationList;
			buildConfigurations = (
				A95B34FF22CBBAF60078B3D4 /* Debug */,
				A95B350022CBBAF60078B3D4 /* Release */,
			);
			defaultConfigurationIsVisible = 0;
			defaultConfigurationName = Release;
		};
		A95B350122CBBAF60078B3D4 /* Build configuration list for PBXNativeTarget "AntiFishHookDemo" */ = {
			isa = XCConfigurationList;
			buildConfigurations = (
				A95B350222CBBAF60078B3D4 /* Debug */,
				A95B350322CBBAF60078B3D4 /* Release */,
			);
			defaultConfigurationIsVisible = 0;
			defaultConfigurationName = Release;
		};
/* End XCConfigurationList section */
	};
	rootObject = A95B34E722CBBAF50078B3D4 /* Project object */;
}
