PODS:
  - fishhookProtection (0.2.0)

DEPENDENCIES:
  - fishhookProtection

SPEC REPOS:
  https://github.com/cocoapods/specs.git:
    - fishhookProtection

SPEC CHECKSUMS:
  fishhookProtection: fce81d5aa4f428dc0eaf49b00d752b9ea99e7ed4

PODFILE CHECKSUM: de968311cf2b0e28dd08b0dcaddcd6075d133251

COCOAPODS: 1.5.3
