PODS:
  - fishhookProtection (0.4.0)

DEPENDENCIES:
  - fishhookProtection (= 0.4.0)

SPEC REPOS:
  https://github.com/cocoapods/specs.git:
    - fishhookProtection

SPEC CHECKSUMS:
  fishhookProtection: f85412cf9fd60d35ef2d2a6c36588beeef11e671

PODFILE CHECKSUM: bf96b08ce985f2f5318e3896933e20843d0322ae

COCOAPODS: 1.5.3
